{
  "name": "@replit/database-test",
  "lockfileVersion": 3,
  "requires": true,
  "packages": {
    "": {
      "name": "@replit/database-test",
      "dependencies": {
        "@replit/database": "file:.."
      }
    },
    "..": {
      "version": "3.0.0",
      "license": "MIT",
      "devDependencies": {
        "tsup": "^7.2.0",
        "typescript": "^5.4.3",
        "vitest": "^1.4.0"
      },
      "engines": {
        "node": ">=18"
      }
    },
    "node_modules/@replit/database": {
      "resolved": "..",
      "link": true
    }
  }
}
